
Microsoft Visual Studio Solution File, Format Version 12.00
# Visual Studio Version 16
VisualStudioVersion = 16.0.31313.79
MinimumVisualStudioVersion = 10.0.40219.1
Project("{9A19103F-16F7-4668-BE54-9A1E7A4F7556}") = "LIR.WEB", "LIR.WEB\LIR.WEB.csproj", "{743B2EAE-6346-48C7-A5DF-E821E129AF5A}"
EndProject
Project("{9A19103F-16F7-4668-BE54-9A1E7A4F7556}") = "LIR.DAL", "LIR.DAL\LIR.DAL.csproj", "{0C51BB36-9D01-4CC5-96DA-3EFE3E9F0335}"
EndProject
Project("{9A19103F-16F7-4668-BE54-9A1E7A4F7556}") = "LIR.DOMAIN", "LIR.DOMAIN\LIR.DOMAIN.csproj", "{B9FB3B02-39DC-4995-BB8D-620FC0DEF52A}"
EndProject
Project("{9A19103F-16F7-4668-BE54-9A1E7A4F7556}") = "LIR.INFRASTRUCTURE", "LIR.INFRASTRUCTURE\LIR.INFRASTRUCTURE.csproj", "{0A1A0FB6-70D5-4D11-A0DD-9831BEE7712A}"
EndProject
Project("{9A19103F-16F7-4668-BE54-9A1E7A4F7556}") = "LIR.VIEWMODEL", "LIR.VIEWMODEL\LIR.VIEWMODEL.csproj", "{45EB43FF-02BB-4110-BFFA-B8BC30F4998E}"
EndProject
Project("{9A19103F-16F7-4668-BE54-9A1E7A4F7556}") = "LIR.TEST", "LIR.TEST\LIR.TEST.csproj", "{370FB645-994A-48F5-844B-159AD9C12A6F}"
EndProject
Project("{FAE04EC0-301F-11D3-BF4B-00C04F79EFBC}") = "LIR.AUTOMATION", "LIR.AUTOMATION\LIR.AUTOMATION.csproj", "{B7FEED8A-2E09-44BA-B58F-B2AE5172A107}"
EndProject
Global
	GlobalSection(SolutionConfigurationPlatforms) = preSolution
		Debug|Any CPU = Debug|Any CPU
		Release|Any CPU = Release|Any CPU
	EndGlobalSection
	GlobalSection(ProjectConfigurationPlatforms) = postSolution
		{743B2EAE-6346-48C7-A5DF-E821E129AF5A}.Debug|Any CPU.ActiveCfg = Debug|Any CPU
		{743B2EAE-6346-48C7-A5DF-E821E129AF5A}.Debug|Any CPU.Build.0 = Debug|Any CPU
		{743B2EAE-6346-48C7-A5DF-E821E129AF5A}.Release|Any CPU.ActiveCfg = Release|Any CPU
		{743B2EAE-6346-48C7-A5DF-E821E129AF5A}.Release|Any CPU.Build.0 = Release|Any CPU
		{0C51BB36-9D01-4CC5-96DA-3EFE3E9F0335}.Debug|Any CPU.ActiveCfg = Debug|Any CPU
		{0C51BB36-9D01-4CC5-96DA-3EFE3E9F0335}.Debug|Any CPU.Build.0 = Debug|Any CPU
		{0C51BB36-9D01-4CC5-96DA-3EFE3E9F0335}.Release|Any CPU.ActiveCfg = Release|Any CPU
		{0C51BB36-9D01-4CC5-96DA-3EFE3E9F0335}.Release|Any CPU.Build.0 = Release|Any CPU
		{B9FB3B02-39DC-4995-BB8D-620FC0DEF52A}.Debug|Any CPU.ActiveCfg = Debug|Any CPU
		{B9FB3B02-39DC-4995-BB8D-620FC0DEF52A}.Debug|Any CPU.Build.0 = Debug|Any CPU
		{B9FB3B02-39DC-4995-BB8D-620FC0DEF52A}.Release|Any CPU.ActiveCfg = Release|Any CPU
		{B9FB3B02-39DC-4995-BB8D-620FC0DEF52A}.Release|Any CPU.Build.0 = Release|Any CPU
		{0A1A0FB6-70D5-4D11-A0DD-9831BEE7712A}.Debug|Any CPU.ActiveCfg = Debug|Any CPU
		{0A1A0FB6-70D5-4D11-A0DD-9831BEE7712A}.Debug|Any CPU.Build.0 = Debug|Any CPU
		{0A1A0FB6-70D5-4D11-A0DD-9831BEE7712A}.Release|Any CPU.ActiveCfg = Release|Any CPU
		{0A1A0FB6-70D5-4D11-A0DD-9831BEE7712A}.Release|Any CPU.Build.0 = Release|Any CPU
		{45EB43FF-02BB-4110-BFFA-B8BC30F4998E}.Debug|Any CPU.ActiveCfg = Debug|Any CPU
		{45EB43FF-02BB-4110-BFFA-B8BC30F4998E}.Debug|Any CPU.Build.0 = Debug|Any CPU
		{45EB43FF-02BB-4110-BFFA-B8BC30F4998E}.Release|Any CPU.ActiveCfg = Release|Any CPU
		{45EB43FF-02BB-4110-BFFA-B8BC30F4998E}.Release|Any CPU.Build.0 = Release|Any CPU
		{370FB645-994A-48F5-844B-159AD9C12A6F}.Debug|Any CPU.ActiveCfg = Debug|Any CPU
		{370FB645-994A-48F5-844B-159AD9C12A6F}.Debug|Any CPU.Build.0 = Debug|Any CPU
		{370FB645-994A-48F5-844B-159AD9C12A6F}.Release|Any CPU.ActiveCfg = Release|Any CPU
		{370FB645-994A-48F5-844B-159AD9C12A6F}.Release|Any CPU.Build.0 = Release|Any CPU
		{B7FEED8A-2E09-44BA-B58F-B2AE5172A107}.Debug|Any CPU.ActiveCfg = Debug|Any CPU
		{B7FEED8A-2E09-44BA-B58F-B2AE5172A107}.Debug|Any CPU.Build.0 = Debug|Any CPU
		{B7FEED8A-2E09-44BA-B58F-B2AE5172A107}.Release|Any CPU.ActiveCfg = Release|Any CPU
		{B7FEED8A-2E09-44BA-B58F-B2AE5172A107}.Release|Any CPU.Build.0 = Release|Any CPU
	EndGlobalSection
	GlobalSection(SolutionProperties) = preSolution
		HideSolutionNode = FALSE
	EndGlobalSection
	GlobalSection(ExtensibilityGlobals) = postSolution
		SolutionGuid = {412EDDF1-AD29-4B1A-9CFA-BCA19E16C1C9}
	EndGlobalSection
EndGlobal
