
Microsoft Visual Studio Solution File, Format Version 12.00
# Visual Studio Version 16
VisualStudioVersion = 16.0.31313.79
MinimumVisualStudioVersion = 10.0.40219.1
Project("{9A19103F-16F7-4668-BE54-9A1E7A4F7556}") = "LIR.WEB", "LIR.WEB\LIR.WEB.csproj", "{743B2EAE-6346-48C7-A5DF-E821E129AF5A}"
EndProject
Project("{9A19103F-16F7-4668-BE54-9A1E7A4F7556}") = "LIR.DAL", "LIR.DAL\LIR.DAL.csproj", "{0C51BB36-9D01-4CC5-96DA-3EFE3E9F0335}"
EndProject
Project("{9A19103F-16F7-4668-BE54-9A1E7A4F7556}") = "LIR.DOMAIN", "LIR.DOMAIN\LIR.DOMAIN.csproj", "{B9FB3B02-39DC-4995-BB8D-620FC0DEF52A}"
EndProject
Project("{9A19103F-16F7-4668-BE54-9A1E7A4F7556}") = "LIR.INFRASTRUCTURE", "LIR.INFRASTRUCTURE\LIR.INFRASTRUCTURE.csproj", "{0A1A0FB6-70D5-4D11-A0DD-9831BEE7712A}"
EndProject
Project("{9A19103F-16F7-4668-BE54-9A1E7A4F7556}") = "LIR.VIEWMODEL", "LIR.VIEWMODEL\LIR.VIEWMODEL.csproj", "{45EB43FF-02BB-4110-BFFA-B8BC30F4998E}"
EndProject
Project("{2150E333-8FDC-42A3-9474-1A3956D46DE8}") = "LIR.TEST", "LIR.TEST", "{A0EEF855-D5DF-4C9D-90A3-DF9495A1B4A0}"
EndProject
Project("{9A19103F-16F7-4668-BE54-9A1E7A4F7556}") = "xUnitTest", "xUnitTest\xUnitTest.csproj", "{269F204A-9A80-44D5-B6B5-B4C10BCEECAB}"
EndProject
Project("{9A19103F-16F7-4668-BE54-9A1E7A4F7556}") = "SeleniumAutomation", "SeleniumAutomation\SeleniumAutomation.csproj", "{EA734E2A-EA2E-4AFF-BB19-E9D73BD9131B}"
EndProject
Project("{9A19103F-16F7-4668-BE54-9A1E7A4F7556}") = "LIR.API", "LIR.API\LIR.API.csproj", "{398A7078-BE35-40AC-B268-8C84BEFA0B87}"
EndProject
Project("{FAE04EC0-301F-11D3-BF4B-00C04F79EFBC}") = "IntegrationTesting", "LIR.TEST\IntegrationTesting\IntegrationTesting.csproj", "{77EE515E-57B2-4EB5-9BDC-CCF663F65464}"
EndProject
Global
	GlobalSection(SolutionConfigurationPlatforms) = preSolution
		Debug|Any CPU = Debug|Any CPU
		Release|Any CPU = Release|Any CPU
	EndGlobalSection
	GlobalSection(ProjectConfigurationPlatforms) = postSolution
		{743B2EAE-6346-48C7-A5DF-E821E129AF5A}.Debug|Any CPU.ActiveCfg = Debug|Any CPU
		{743B2EAE-6346-48C7-A5DF-E821E129AF5A}.Debug|Any CPU.Build.0 = Debug|Any CPU
		{743B2EAE-6346-48C7-A5DF-E821E129AF5A}.Release|Any CPU.ActiveCfg = Release|Any CPU
		{743B2EAE-6346-48C7-A5DF-E821E129AF5A}.Release|Any CPU.Build.0 = Release|Any CPU
		{0C51BB36-9D01-4CC5-96DA-3EFE3E9F0335}.Debug|Any CPU.ActiveCfg = Debug|Any CPU
		{0C51BB36-9D01-4CC5-96DA-3EFE3E9F0335}.Debug|Any CPU.Build.0 = Debug|Any CPU
		{0C51BB36-9D01-4CC5-96DA-3EFE3E9F0335}.Release|Any CPU.ActiveCfg = Release|Any CPU
		{0C51BB36-9D01-4CC5-96DA-3EFE3E9F0335}.Release|Any CPU.Build.0 = Release|Any CPU
		{B9FB3B02-39DC-4995-BB8D-620FC0DEF52A}.Debug|Any CPU.ActiveCfg = Debug|Any CPU
		{B9FB3B02-39DC-4995-BB8D-620FC0DEF52A}.Debug|Any CPU.Build.0 = Debug|Any CPU
		{B9FB3B02-39DC-4995-BB8D-620FC0DEF52A}.Release|Any CPU.ActiveCfg = Release|Any CPU
		{B9FB3B02-39DC-4995-BB8D-620FC0DEF52A}.Release|Any CPU.Build.0 = Release|Any CPU
		{0A1A0FB6-70D5-4D11-A0DD-9831BEE7712A}.Debug|Any CPU.ActiveCfg = Debug|Any CPU
		{0A1A0FB6-70D5-4D11-A0DD-9831BEE7712A}.Debug|Any CPU.Build.0 = Debug|Any CPU
		{0A1A0FB6-70D5-4D11-A0DD-9831BEE7712A}.Release|Any CPU.ActiveCfg = Release|Any CPU
		{0A1A0FB6-70D5-4D11-A0DD-9831BEE7712A}.Release|Any CPU.Build.0 = Release|Any CPU
		{45EB43FF-02BB-4110-BFFA-B8BC30F4998E}.Debug|Any CPU.ActiveCfg = Debug|Any CPU
		{45EB43FF-02BB-4110-BFFA-B8BC30F4998E}.Debug|Any CPU.Build.0 = Debug|Any CPU
		{45EB43FF-02BB-4110-BFFA-B8BC30F4998E}.Release|Any CPU.ActiveCfg = Release|Any CPU
		{45EB43FF-02BB-4110-BFFA-B8BC30F4998E}.Release|Any CPU.Build.0 = Release|Any CPU
		{269F204A-9A80-44D5-B6B5-B4C10BCEECAB}.Debug|Any CPU.ActiveCfg = Debug|Any CPU
		{269F204A-9A80-44D5-B6B5-B4C10BCEECAB}.Debug|Any CPU.Build.0 = Debug|Any CPU
		{269F204A-9A80-44D5-B6B5-B4C10BCEECAB}.Release|Any CPU.ActiveCfg = Release|Any CPU
		{269F204A-9A80-44D5-B6B5-B4C10BCEECAB}.Release|Any CPU.Build.0 = Release|Any CPU
		{EA734E2A-EA2E-4AFF-BB19-E9D73BD9131B}.Debug|Any CPU.ActiveCfg = Debug|Any CPU
		{EA734E2A-EA2E-4AFF-BB19-E9D73BD9131B}.Debug|Any CPU.Build.0 = Debug|Any CPU
		{EA734E2A-EA2E-4AFF-BB19-E9D73BD9131B}.Release|Any CPU.ActiveCfg = Release|Any CPU
		{EA734E2A-EA2E-4AFF-BB19-E9D73BD9131B}.Release|Any CPU.Build.0 = Release|Any CPU
		{398A7078-BE35-40AC-B268-8C84BEFA0B87}.Debug|Any CPU.ActiveCfg = Debug|Any CPU
		{398A7078-BE35-40AC-B268-8C84BEFA0B87}.Debug|Any CPU.Build.0 = Debug|Any CPU
		{398A7078-BE35-40AC-B268-8C84BEFA0B87}.Release|Any CPU.ActiveCfg = Release|Any CPU
		{398A7078-BE35-40AC-B268-8C84BEFA0B87}.Release|Any CPU.Build.0 = Release|Any CPU
		{77EE515E-57B2-4EB5-9BDC-CCF663F65464}.Debug|Any CPU.ActiveCfg = Debug|Any CPU
		{77EE515E-57B2-4EB5-9BDC-CCF663F65464}.Debug|Any CPU.Build.0 = Debug|Any CPU
		{77EE515E-57B2-4EB5-9BDC-CCF663F65464}.Release|Any CPU.ActiveCfg = Release|Any CPU
		{77EE515E-57B2-4EB5-9BDC-CCF663F65464}.Release|Any CPU.Build.0 = Release|Any CPU
	EndGlobalSection
	GlobalSection(SolutionProperties) = preSolution
		HideSolutionNode = FALSE
	EndGlobalSection
	GlobalSection(NestedProjects) = preSolution
		{269F204A-9A80-44D5-B6B5-B4C10BCEECAB} = {A0EEF855-D5DF-4C9D-90A3-DF9495A1B4A0}
		{EA734E2A-EA2E-4AFF-BB19-E9D73BD9131B} = {A0EEF855-D5DF-4C9D-90A3-DF9495A1B4A0}
		{77EE515E-57B2-4EB5-9BDC-CCF663F65464} = {A0EEF855-D5DF-4C9D-90A3-DF9495A1B4A0}
	EndGlobalSection
	GlobalSection(ExtensibilityGlobals) = postSolution
		SolutionGuid = {412EDDF1-AD29-4B1A-9CFA-BCA19E16C1C9}
	EndGlobalSection
EndGlobal
